{
  "name": "artix",
  "lockfileVersion": 3,
  "requires": true,
  "packages": {
    "": {
      "devDependencies": {
        "marked": "^15.0.4",
        "marked-base-url": "^1.1.6"
      }
    },
    "node_modules/marked": {
      "version": "15.0.4",
      "resolved": "https://registry.npmjs.org/marked/-/marked-15.0.4.tgz",
      "integrity": "sha512-TCHvDqmb3ZJ4PWG7VEGVgtefA5/euFmsIhxtD0XsBxI39gUSKL81mIRFdt0AiNQozUahd4ke98ZdirExd/vSEw==",
      "dev": true,
      "license": "MIT",
      "bin": {
        "marked": "bin/marked.js"
      },
      "engines": {
        "node": ">= 18"
      }
    },
    "node_modules/marked-base-url": {
      "version": "1.1.6",
      "resolved": "https://registry.npmjs.org/marked-base-url/-/marked-base-url-1.1.6.tgz",
      "integrity": "sha512-STFGZN1kBZIWaw5RGwY63mSCwUXUmUDOAPRMAuPkg2Iou4ZWUsd7nFqvh0ifMYekqKuHHdmqJUqCl0HUakBbMQ==",
      "dev": true,
      "license": "MIT",
      "peerDependencies": {
        "marked": ">= 4 < 16"
      }
    }
  }
}
